# This file was autogenerated by uv via the following command:
#    uv export --frozen --no-hashes --no-dev --no-emit-project -o requirements.lock
a2a-sdk==0.3.7
    # via
    #   agentkit-sdk-python
    #   hybrid-cloud-customer-service
    #   veadk-python
agent-pilot-sdk==0.1.2
    # via veadk-python
agentkit-sdk-python==0.8.1
    # via
    #   hybrid-cloud-customer-service
    #   veadk-python
aiohappyeyeballs==2.7.1
    # via aiohttp
aiohttp==3.13.4
    # via
    #   litellm
    #   llama-index-core
    #   opensearch-py
    #   vikingdb-python-sdk
aiomysql==0.3.2
    # via veadk-python
aiosignal==1.4.0
    # via aiohttp
aiosqlite==0.22.1
    # via
    #   google-adk
    #   llama-index-core
annotated-doc==0.0.4
    # via
    #   fastapi
    #   typer
annotated-types==0.7.0
    # via pydantic
antlr4-python3-runtime==4.9.3
    # via omegaconf
anyio==4.14.1
    # via
    #   google-genai
    #   httpx
    #   mcp
    #   openai
    #   sse-starlette
    #   starlette
    #   volcengine-python-sdk
apscheduler==3.11.3
    # via cozeloop
arrow==1.4.0
    # via cookiecutter
asyncpg==0.31.0
    # via veadk-python
attrs==26.1.0
    # via
    #   aiohttp
    #   cyclopts
    #   jsonschema
    #   jsonschema-path
    #   referencing
authlib==1.7.2
    # via
    #   cozeloop
    #   fastmcp
    #   google-adk
banks==2.4.5
    # via llama-index-core
beartype==0.22.9
    # via
    #   py-key-value-aio
    #   py-key-value-shared
beautifulsoup4==4.15.0
    # via google
binaryornot==0.6.0
    # via cookiecutter
cachetools==6.2.6
    # via
    #   cozeloop
    #   py-key-value-aio
    #   pymilvus
certifi==2026.6.17
    # via
    #   httpcore
    #   httpx
    #   opensearch-py
    #   requests
    #   volcengine-python-sdk
cffi==2.1.0 ; platform_python_implementation != 'PyPy'
    # via cryptography
charset-normalizer==3.4.9
    # via requests
chevron==0.14.0
    # via agent-pilot-sdk
click==8.1.8
    # via
    #   cookiecutter
    #   google-adk
    #   litellm
    #   nltk
    #   uvicorn
colorama==0.4.6
    # via
    #   click
    #   griffecli
    #   loguru
    #   tqdm
    #   typer
coloredlogs==15.0.1
    # via redisvl
cookiecutter==2.6.0
    # via veadk-python
cozeloop==0.1.28
    # via veadk-python
crcmod==1.7
    # via tos
cryptography==49.0.0
    # via
    #   authlib
    #   google-auth
    #   joserfc
    #   pyjwt
    #   trustedmcp
    #   volcengine-python-sdk
cyclopts==4.21.0
    # via fastmcp
dataclasses-json==0.6.7
    # via llama-index-core
decorator==5.3.1
    # via retry
defusedxml==0.7.1
    # via nltk
deprecated==1.2.18
    # via
    #   banks
    #   llama-index-core
    #   llama-index-instrumentation
    #   tos
    #   veadk-python
dirtyjson==1.0.8
    # via llama-index-core
diskcache==5.6.3
    # via py-key-value-aio
distro==1.9.0
    # via
    #   google-genai
    #   openai
dnspython==2.8.0
    # via email-validator
docker==7.2.0
    # via agentkit-sdk-python
docstring-parser==0.18.0
    # via cyclopts
email-validator==2.3.0
    # via pydantic
et-xmlfile==2.0.0
    # via openpyxl
events==0.5
    # via opensearch-py
exceptiongroup==1.3.1
    # via fastmcp
faiss-cpu==1.15.0 ; sys_platform != 'win32'
    # via milvus-lite
fastapi==0.141.1
    # via
    #   agentkit-sdk-python
    #   google-adk
    #   hybrid-cloud-customer-service
fastmcp==2.13.2
    # via
    #   agentkit-sdk-python
    #   veadk-python
fastuuid==0.14.0
    # via litellm
filelock==3.29.7
    # via huggingface-hub
filetype==1.2.0
    # via
    #   banks
    #   llama-index-core
    #   veadk-python
frozenlist==1.8.0
    # via
    #   aiohttp
    #   aiosignal
fsspec==2026.6.0
    # via
    #   huggingface-hub
    #   llama-index-core
google==3.0.0
    # via volcengine
google-adk==2.2.0
    # via
    #   hybrid-cloud-customer-service
    #   veadk-python
google-api-core==2.31.0
    # via a2a-sdk
google-auth==2.55.2
    # via
    #   google-adk
    #   google-api-core
    #   google-genai
google-genai==2.12.1
    # via google-adk
googleapis-common-protos==1.75.0
    # via
    #   google-api-core
    #   opentelemetry-exporter-otlp-proto-grpc
    #   opentelemetry-exporter-otlp-proto-http
graphviz==0.21
    # via google-adk
greenlet==3.5.3
    # via sqlalchemy
griffe==2.1.0
    # via banks
griffecli==2.1.0
    # via griffe
griffelib==2.1.0
    # via
    #   griffe
    #   griffecli
grpcio==1.82.1
    # via
    #   milvus-lite
    #   opensearch-protobufs
    #   opentelemetry-exporter-otlp-proto-grpc
    #   pymilvus
h11==0.16.0
    # via
    #   httpcore
    #   uvicorn
hf-xet==1.5.1 ; platform_machine == 'AMD64' or platform_machine == 'aarch64' or platform_machine == 'amd64' or platform_machine == 'arm64' or platform_machine == 'x86_64'
    # via huggingface-hub
httpcore==1.0.9
    # via httpx
httpx==0.28.1
    # via
    #   a2a-sdk
    #   cozeloop
    #   fastmcp
    #   google-adk
    #   google-genai
    #   huggingface-hub
    #   hybrid-cloud-customer-service
    #   lark-channel-sdk
    #   lark-oapi
    #   litellm
    #   llama-index-core
    #   mcp
    #   openai
    #   openviking-sdk
    #   vikingdb-python-sdk
    #   volcengine-python-sdk
httpx-sse==0.4.3
    # via
    #   a2a-sdk
    #   mcp
huggingface-hub==1.16.1
    # via tokenizers
humanfriendly==10.0
    # via coloredlogs
idna==3.18
    # via
    #   anyio
    #   email-validator
    #   httpx
    #   requests
    #   yarl
importlib-metadata==8.5.0
    # via
    #   litellm
    #   opentelemetry-api
jinja2==3.1.6
    # via
    #   agentkit-sdk-python
    #   banks
    #   cookiecutter
    #   cozeloop
    #   litellm
jiter==0.16.0
    # via openai
joblib==1.5.3
    # via nltk
joserfc==1.7.3
    # via authlib
jsonpickle==4.1.2
    # via agent-pilot-sdk
jsonschema==4.23.0
    # via
    #   google-adk
    #   litellm
    #   mcp
jsonschema-path==0.5.0
    # via fastmcp
jsonschema-specifications==2025.9.1
    # via jsonschema
lark-channel-sdk==1.2.0
    # via veadk-python
lark-oapi==1.7.2
    # via veadk-python
litellm==1.83.14
    # via
    #   hybrid-cloud-customer-service
    #   veadk-python
llama-index==0.14.23
    # via veadk-python
llama-index-core==0.14.23
    # via
    #   llama-index
    #   llama-index-embeddings-openai
    #   llama-index-llms-openai
    #   llama-index-llms-openai-like
    #   llama-index-vector-stores-milvus
    #   llama-index-vector-stores-opensearch
    #   llama-index-vector-stores-redis
llama-index-embeddings-openai==0.6.0
    # via
    #   llama-index
    #   llama-index-embeddings-openai-like
llama-index-embeddings-openai-like==0.3.1
    # via veadk-python
llama-index-instrumentation==0.5.0
    # via llama-index-workflows
llama-index-llms-openai==0.7.10
    # via
    #   llama-index
    #   llama-index-llms-openai-like
llama-index-llms-openai-like==0.7.2
    # via veadk-python
llama-index-vector-stores-milvus==1.1.0
    # via veadk-python
llama-index-vector-stores-opensearch==1.2.0
    # via veadk-python
llama-index-vector-stores-redis==0.8.0
    # via veadk-python
llama-index-workflows==2.23.0
    # via llama-index-core
loguru==0.7.3
    # via
    #   agent-pilot-sdk
    #   trustedmcp
markdown-it-py==4.2.0
    # via rich
markupsafe==3.0.3
    # via jinja2
marshmallow==3.26.2
    # via dataclasses-json
mcp==1.26.0
    # via
    #   fastmcp
    #   trustedmcp
    #   veadk-python
mdurl==0.1.2
    # via markdown-it-py
milvus-lite==3.2.0 ; sys_platform != 'win32'
    # via pymilvus
ml-dtypes==0.4.1
    # via redisvl
multidict==6.7.1
    # via
    #   aiohttp
    #   yarl
mypy-extensions==1.1.0
    # via typing-inspect
nest-asyncio==1.6.0
    # via llama-index-core
networkx==3.6.1
    # via llama-index-core
nltk==3.10.2
    # via
    #   llama-index
    #   llama-index-core
numpy==2.5.1
    # via
    #   faiss-cpu
    #   llama-index-core
    #   milvus-lite
    #   ml-dtypes
    #   pandas
    #   redisvl
omegaconf==2.3.0
    # via veadk-python
openai==2.24.0
    # via
    #   litellm
    #   llama-index-embeddings-openai
    #   llama-index-llms-openai
openapi-pydantic==0.5.1
    # via fastmcp
openpyxl==3.1.5
    # via agent-pilot-sdk
opensearch-protobufs==1.2.0
    # via opensearch-py
opensearch-py==3.2.0
    # via
    #   llama-index-vector-stores-opensearch
    #   veadk-python
opentelemetry-api==1.37.0
    # via
    #   agentkit-sdk-python
    #   google-adk
    #   opentelemetry-exporter-otlp-proto-grpc
    #   opentelemetry-exporter-otlp-proto-http
    #   opentelemetry-instrumentation
    #   opentelemetry-instrumentation-logging
    #   opentelemetry-sdk
    #   opentelemetry-semantic-conventions
opentelemetry-exporter-otlp==1.37.0
    # via veadk-python
opentelemetry-exporter-otlp-proto-common==1.37.0
    # via
    #   agentkit-sdk-python
    #   opentelemetry-exporter-otlp-proto-grpc
    #   opentelemetry-exporter-otlp-proto-http
opentelemetry-exporter-otlp-proto-grpc==1.37.0
    # via
    #   agentkit-sdk-python
    #   opentelemetry-exporter-otlp
opentelemetry-exporter-otlp-proto-http==1.37.0
    # via opentelemetry-exporter-otlp
opentelemetry-instrumentation==0.58b0
    # via opentelemetry-instrumentation-logging
opentelemetry-instrumentation-logging==0.58b0
    # via veadk-python
opentelemetry-proto==1.37.0
    # via
    #   opentelemetry-exporter-otlp-proto-common
    #   opentelemetry-exporter-otlp-proto-grpc
    #   opentelemetry-exporter-otlp-proto-http
opentelemetry-sdk==1.37.0
    # via
    #   agentkit-sdk-python
    #   google-adk
    #   opentelemetry-exporter-otlp-proto-grpc
    #   opentelemetry-exporter-otlp-proto-http
opentelemetry-semantic-conventions==0.58b0
    # via
    #   opentelemetry-instrumentation
    #   opentelemetry-sdk
openviking-sdk==0.1.6
    # via veadk-python
orjson==3.11.9
    # via pymilvus
packaging==26.2
    # via
    #   faiss-cpu
    #   google-adk
    #   huggingface-hub
    #   marshmallow
    #   opentelemetry-instrumentation
pandas==2.3.3
    # via pymilvus
pathable==0.6.0
    # via jsonschema-path
pathvalidate==3.3.1
    # via py-key-value-aio
pillow==12.3.0
    # via
    #   llama-index-core
    #   veadk-python
platformdirs==4.10.0
    # via
    #   banks
    #   fastmcp
    #   llama-index-core
prompt-toolkit==3.0.52
    # via agentkit-sdk-python
propcache==0.5.2
    # via
    #   aiohttp
    #   yarl
proto-plus==1.28.1
    # via google-api-core
protobuf==6.33.6
    # via
    #   a2a-sdk
    #   google-api-core
    #   googleapis-common-protos
    #   opensearch-protobufs
    #   opentelemetry-proto
    #   proto-plus
    #   pymilvus
    #   volcengine
psycopg==3.3.4
    # via hybrid-cloud-customer-service
psycopg-binary==3.3.4 ; implementation_name != 'pypy'
    # via psycopg
psycopg2-binary==2.9.10
    # via veadk-python
py==1.11.0
    # via retry
py-key-value-aio==0.3.0
    # via fastmcp
py-key-value-shared==0.3.0
    # via py-key-value-aio
pyarrow==25.0.0 ; sys_platform != 'win32'
    # via milvus-lite
pyasn1==0.6.4
    # via pyasn1-modules
pyasn1-modules==0.4.2
    # via google-auth
pycparser==3.0 ; implementation_name != 'PyPy' and platform_python_implementation != 'PyPy'
    # via cffi
pycryptodome==3.23.0
    # via
    #   lark-channel-sdk
    #   lark-oapi
    #   volcengine
pydantic==2.12.5
    # via
    #   a2a-sdk
    #   agent-pilot-sdk
    #   agentkit-sdk-python
    #   banks
    #   cozeloop
    #   fastapi
    #   fastmcp
    #   google-adk
    #   google-genai
    #   litellm
    #   llama-index-core
    #   llama-index-instrumentation
    #   llama-index-workflows
    #   mcp
    #   openai
    #   openapi-pydantic
    #   pydantic-settings
    #   redisvl
    #   vikingdb-python-sdk
    #   volcengine-python-sdk
pydantic-core==2.41.5
    # via pydantic
pydantic-settings==2.10.1
    # via
    #   mcp
    #   veadk-python
pyfiglet==1.0.4
    # via agentkit-sdk-python
pygments==2.20.0
    # via
    #   rich
    #   rich-rst
pyjwt==2.13.0
    # via
    #   agentkit-sdk-python
    #   mcp
    #   redis
pymilvus==2.6.17
    # via
    #   llama-index-vector-stores-milvus
    #   veadk-python
pymysql==1.1.1
    # via
    #   aiomysql
    #   veadk-python
pypdfium2==5.12.1
    # via veadk-python
pyperclip==1.11.0
    # via fastmcp
pyreadline3==3.5.6 ; sys_platform == 'win32'
    # via
    #   agentkit-sdk-python
    #   humanfriendly
python-dateutil==2.9.0.post0
    # via
    #   arrow
    #   opensearch-py
    #   pandas
    #   volcengine-python-sdk
python-dotenv==1.2.2
    # via
    #   agentkit-sdk-python
    #   fastmcp
    #   google-adk
    #   litellm
    #   pydantic-settings
    #   pymilvus
python-frontmatter==1.1.0
    # via veadk-python
python-multipart==0.0.32
    # via
    #   google-adk
    #   mcp
python-slugify==8.0.4
    # via cookiecutter
python-ulid==3.2.1
    # via redisvl
pytz==2026.2
    # via
    #   pandas
    #   tos
    #   volcengine
pywin32==312 ; sys_platform == 'win32'
    # via
    #   docker
    #   mcp
pyyaml==6.0.3
    # via
    #   agentkit-sdk-python
    #   cookiecutter
    #   google-adk
    #   huggingface-hub
    #   jsonschema-path
    #   llama-index-core
    #   omegaconf
    #   python-frontmatter
    #   redisvl
redis==5.3.1
    # via
    #   redisvl
    #   veadk-python
redisvl==0.4.1
    # via llama-index-vector-stores-redis
referencing==0.37.0
    # via
    #   jsonschema
    #   jsonschema-path
    #   jsonschema-specifications
regex==2026.7.10
    # via
    #   nltk
    #   tiktoken
requests==2.34.2
    # via
    #   agent-pilot-sdk
    #   agentkit-sdk-python
    #   cookiecutter
    #   docker
    #   google-adk
    #   google-api-core
    #   google-auth
    #   google-genai
    #   hybrid-cloud-customer-service
    #   lark-channel-sdk
    #   lark-oapi
    #   llama-index-core
    #   opensearch-py
    #   opentelemetry-exporter-otlp-proto-http
    #   pymilvus
    #   requests-toolbelt
    #   tiktoken
    #   tos
    #   trustedmcp
    #   vikingdb-python-sdk
    #   volcengine
requests-toolbelt==1.0.0
    # via
    #   lark-channel-sdk
    #   lark-oapi
retry==0.9.2
    # via volcengine
rich==15.0.0
    # via
    #   agentkit-sdk-python
    #   cookiecutter
    #   cyclopts
    #   fastmcp
    #   rich-rst
    #   typer
rich-rst==2.1.0
    # via cyclopts
rpds-py==2026.6.3
    # via
    #   jsonschema
    #   referencing
setuptools==83.0.0
    # via llama-index-core
shellingham==1.5.4
    # via typer
six==1.17.0
    # via
    #   python-dateutil
    #   tos
    #   volcengine
    #   volcengine-python-sdk
sniffio==1.3.1
    # via
    #   google-genai
    #   openai
soupsieve==2.8.4
    # via beautifulsoup4
sqlalchemy==2.0.51
    # via
    #   llama-index-core
    #   veadk-python
sse-starlette==3.4.5
    # via mcp
starlette==1.6.0
    # via
    #   fastapi
    #   google-adk
    #   hybrid-cloud-customer-service
    #   mcp
    #   sse-starlette
tabulate==0.9.0
    # via redisvl
tenacity==9.1.4
    # via
    #   google-adk
    #   google-genai
    #   llama-index-core
    #   redisvl
    #   volcengine
text-unidecode==1.3
    # via python-slugify
tiktoken==0.12.0
    # via
    #   litellm
    #   llama-index-core
tinytag==2.3.0
    # via llama-index-core
tokenizers==0.22.2
    # via litellm
tos==2.8.7
    # via
    #   agentkit-sdk-python
    #   veadk-python
tqdm==4.68.4
    # via
    #   huggingface-hub
    #   llama-index-core
    #   nltk
    #   openai
trustedmcp==0.0.5
    # via veadk-python
typer==0.26.8
    # via
    #   agentkit-sdk-python
    #   huggingface-hub
typing-extensions==4.16.0
    # via
    #   agentkit-sdk-python
    #   aiosignal
    #   anyio
    #   beautifulsoup4
    #   exceptiongroup
    #   fastapi
    #   google-adk
    #   google-genai
    #   grpcio
    #   huggingface-hub
    #   llama-index-core
    #   llama-index-workflows
    #   mcp
    #   openai
    #   opentelemetry-api
    #   opentelemetry-exporter-otlp-proto-grpc
    #   opentelemetry-exporter-otlp-proto-http
    #   opentelemetry-sdk
    #   opentelemetry-semantic-conventions
    #   psycopg
    #   py-key-value-shared
    #   pydantic
    #   pydantic-core
    #   referencing
    #   sqlalchemy
    #   starlette
    #   trustedmcp
    #   typing-inspect
    #   typing-inspection
    #   vikingdb-python-sdk
typing-inspect==0.9.0
    # via
    #   dataclasses-json
    #   llama-index-core
typing-inspection==0.4.2
    # via
    #   fastapi
    #   mcp
    #   pydantic
    #   pydantic-settings
tzdata==2026.3
    # via
    #   arrow
    #   pandas
    #   psycopg
    #   tzlocal
tzlocal==5.4.4
    # via
    #   apscheduler
    #   google-adk
urllib3==1.26.20
    # via
    #   docker
    #   hybrid-cloud-customer-service
    #   opensearch-py
    #   requests
    #   vikingdb-python-sdk
    #   volcengine-python-sdk
uv==0.11.28
    # via agent-pilot-sdk
uvicorn==0.51.0
    # via
    #   agentkit-sdk-python
    #   fastmcp
    #   google-adk
    #   mcp
    #   trustedmcp
veadk-python==1.0.10
    # via hybrid-cloud-customer-service
vikingdb-python-sdk==0.1.26
    # via veadk-python
volcengine==1.0.225
    # via
    #   agentkit-sdk-python
    #   veadk-python
    #   vikingdb-python-sdk
volcengine-python-sdk==5.0.40
    # via
    #   agent-pilot-sdk
    #   hybrid-cloud-customer-service
    #   trustedmcp
    #   veadk-python
watchdog==6.0.0
    # via google-adk
wcwidth==0.8.2
    # via prompt-toolkit
websocket-client==1.9.0
    # via agentkit-sdk-python
websockets==15.0.1
    # via
    #   fastmcp
    #   google-adk
    #   google-genai
    #   lark-channel-sdk
    #   lark-oapi
    #   veadk-python
win32-setctime==1.2.0 ; sys_platform == 'win32'
    # via loguru
wrapt==1.17.2
    # via
    #   deprecated
    #   llama-index-core
    #   opentelemetry-instrumentation
    #   veadk-python
yarl==1.24.2
    # via aiohttp
zipp==4.1.0
    # via importlib-metadata
